// !$*UTF8*$!
{
	archiveVersion = 1;
	classes = {
	};
	objectVersion = 46;
	objects = {

/* Begin PBXBuildFile section */
		DD86FA5C1B0C6742000B40F5 /* main.m in Sources */ = {isa = PBXBuildFile; fileRef = DD86FA5B1B0C6742000B40F5 /* main.m */; };
		DD86FA5F1B0C6742000B40F5 /* AppDelegate.m in Sources */ = {isa = PBXBuildFile; fileRef = DD86FA5E1B0C6742000B40F5 /* AppDelegate.m */; };
		DD86FA621B0C6742000B40F5 /* ViewController.m in Sources */ = {isa = PBXBuildFile; fileRef = DD86FA611B0C6742000B40F5 /* ViewController.m */; };
		DD86FA651B0C6742000B40F5 /* Main.storyboard in Resources */ = {isa = PBXBuildFile; fileRef = DD86FA631B0C6742000B40F5 /* Main.storyboard */; };
		DD86FA671B0C6742000B40F5 /* Images.xcassets in Resources */ = {isa = PBXBuildFile; fileRef = DD86FA661B0C6742000B40F5 /* Images.xcassets */; };
		DD86FA6A1B0C6742000B40F5 /* LaunchScreen.xib in Resources */ = {isa = PBXBuildFile; fileRef = DD86FA681B0C6742000B40F5 /* LaunchScreen.xib */; };
		DD86FA761B0C6742000B40F5 /* WFPCompnentKitTests.m in Sources */ = {isa = PBXBuildFile; fileRef = DD86FA751B0C6742000B40F5 /* WFPCompnentKitTests.m */; };
/* End PBXBuildFile section */

/* Begin PBXContainerItemProxy section */
		DD86FA701B0C6742000B40F5 /* PBXContainerItemProxy */ = {
			isa = PBXContainerItemProxy;
			containerPortal = DD86FA4E1B0C6742000B40F5 /* Project object */;
			proxyType = 1;
			remoteGlobalIDString = DD86FA551B0C6742000B40F5;
			remoteInfo = WFPCompnentKit;
		};
/* End PBXContainerItemProxy section */

/* Begin PBXFileReference section */
		DD86FA561B0C6742000B40F5 /* WFPCompnentKit.app */ = {isa = PBXFileReference; explicitFileType = wrapper.application; includeInIndex = 0; path = WFPCompnentKit.app; sourceTree = BUILT_PRODUCTS_DIR; };
		DD86FA5A1B0C6742000B40F5 /* Info.plist */ = {isa = PBXFileReference; lastKnownFileType = text.plist.xml; path = Info.plist; sourceTree = "<group>"; };
		DD86FA5B1B0C6742000B40F5 /* main.m */ = {isa = PBXFileReference; lastKnownFileType = sourcecode.c.objc; path = main.m; sourceTree = "<group>"; };
		DD86FA5D1B0C6742000B40F5 /* AppDelegate.h */ = {isa = PBXFileReference; lastKnownFileType = sourcecode.c.h; path = AppDelegate.h; sourceTree = "<group>"; };
		DD86FA5E1B0C6742000B40F5 /* AppDelegate.m */ = {isa = PBXFileReference; lastKnownFileType = sourcecode.c.objc; path = AppDelegate.m; sourceTree = "<group>"; };
		DD86FA601B0C6742000B40F5 /* ViewController.h */ = {isa = PBXFileReference; lastKnownFileType = sourcecode.c.h; path = ViewController.h; sourceTree = "<group>"; };
		DD86FA611B0C6742000B40F5 /* ViewController.m */ = {isa = PBXFileReference; lastKnownFileType = sourcecode.c.objc; path = ViewController.m; sourceTree = "<group>"; };
		DD86FA641B0C6742000B40F5 /* Base */ = {isa = PBXFileReference; lastKnownFileType = file.storyboard; name = Base; path = Base.lproj/Main.storyboard; sourceTree = "<group>"; };
		DD86FA661B0C6742000B40F5 /* Images.xcassets */ = {isa = PBXFileReference; lastKnownFileType = folder.assetcatalog; path = Images.xcassets; sourceTree = "<group>"; };
		DD86FA691B0C6742000B40F5 /* Base */ = {isa = PBXFileReference; lastKnownFileType = file.xib; name = Base; path = Base.lproj/LaunchScreen.xib; sourceTree = "<group>"; };
		DD86FA6F1B0C6742000B40F5 /* WFPCompnentKitTests.xctest */ = {isa = PBXFileReference; explicitFileType = wrapper.cfbundle; includeInIndex = 0; path = WFPCompnentKitTests.xctest; sourceTree = BUILT_PRODUCTS_DIR; };
		DD86FA741B0C6742000B40F5 /* Info.plist */ = {isa = PBXFileReference; lastKnownFileType = text.plist.xml; path = Info.plist; sourceTree = "<group>"; };
		DD86FA751B0C6742000B40F5 /* WFPCompnentKitTests.m */ = {isa = PBXFileReference; lastKnownFileType = sourcecode.c.objc; path = WFPCompnentKitTests.m; sourceTree = "<group>"; };
/* End PBXFileReference section */

/* Begin PBXFrameworksBuildPhase section */
		DD86FA531B0C6742000B40F5 /* Frameworks */ = {
			isa = PBXFrameworksBuildPhase;
			buildActionMask = 2147483647;
			files = (
			);
			runOnlyForDeploymentPostprocessing = 0;
		};
		DD86FA6C1B0C6742000B40F5 /* Frameworks */ = {
			isa = PBXFrameworksBuildPhase;
			buildActionMask = 2147483647;
			files = (
			);
			runOnlyForDeploymentPostprocessing = 0;
		};
/* End PBXFrameworksBuildPhase section */

/* Begin PBXGroup section */
		DD86FA4D1B0C6742000B40F5 = {
			isa = PBXGroup;
			children = (
				DD86FA581B0C6742000B40F5 /* WFPCompnentKit */,
				DD86FA721B0C6742000B40F5 /* WFPCompnentKitTests */,
				DD86FA571B0C6742000B40F5 /* Products */,
			);
			sourceTree = "<group>";
		};
		DD86FA571B0C6742000B40F5 /* Products */ = {
			isa = PBXGroup;
			children = (
				DD86FA561B0C6742000B40F5 /* WFPCompnentKit.app */,
				DD86FA6F1B0C6742000B40F5 /* WFPCompnentKitTests.xctest */,
			);
			name = Products;
			sourceTree = "<group>";
		};
		DD86FA581B0C6742000B40F5 /* WFPCompnentKit */ = {
			isa = PBXGroup;
			children = (
				DD86FA5D1B0C6742000B40F5 /* AppDelegate.h */,
				DD86FA5E1B0C6742000B40F5 /* AppDelegate.m */,
				DD86FA601B0C6742000B40F5 /* ViewController.h */,
				DD86FA611B0C6742000B40F5 /* ViewController.m */,
				DD86FA631B0C6742000B40F5 /* Main.storyboard */,
				DD86FA661B0C6742000B40F5 /* Images.xcassets */,
				DD86FA681B0C6742000B40F5 /* LaunchScreen.xib */,
				DD86FA591B0C6742000B40F5 /* Supporting Files */,
			);
			path = WFPCompnentKit;
			sourceTree = "<group>";
		};
		DD86FA591B0C6742000B40F5 /* Supporting Files */ = {
			isa = PBXGroup;
			children = (
				DD86FA5A1B0C6742000B40F5 /* Info.plist */,
				DD86FA5B1B0C6742000B40F5 /* main.m */,
			);
			name = "Supporting Files";
			sourceTree = "<group>";
		};
		DD86FA721B0C6742000B40F5 /* WFPCompnentKitTests */ = {
			isa = PBXGroup;
			children = (
				DD86FA751B0C6742000B40F5 /* WFPCompnentKitTests.m */,
				DD86FA731B0C6742000B40F5 /* Supporting Files */,
			);
			path = WFPCompnentKitTests;
			sourceTree = "<group>";
		};
		DD86FA731B0C6742000B40F5 /* Supporting Files */ = {
			isa = PBXGroup;
			children = (
				DD86FA741B0C6742000B40F5 /* Info.plist */,
			);
			name = "Supporting Files";
			sourceTree = "<group>";
		};
/* End PBXGroup section */

/* Begin PBXNativeTarget section */
		DD86FA551B0C6742000B40F5 /* WFPCompnentKit */ = {
			isa = PBXNativeTarget;
			buildConfigurationList = DD86FA791B0C6742000B40F5 /* Build configuration list for PBXNativeTarget "WFPCompnentKit" */;
			buildPhases = (
				DD86FA521B0C6742000B40F5 /* Sources */,
				DD86FA531B0C6742000B40F5 /* Frameworks */,
				DD86FA541B0C6742000B40F5 /* Resources */,
			);
			buildRules = (
			);
			dependencies = (
			);
			name = WFPCompnentKit;
			productName = WFPCompnentKit;
			productReference = DD86FA561B0C6742000B40F5 /* WFPCompnentKit.app */;
			productType = "com.apple.product-type.application";
		};
		DD86FA6E1B0C6742000B40F5 /* WFPCompnentKitTests */ = {
			isa = PBXNativeTarget;
			buildConfigurationList = DD86FA7C1B0C6742000B40F5 /* Build configuration list for PBXNativeTarget "WFPCompnentKitTests" */;
			buildPhases = (
				DD86FA6B1B0C6742000B40F5 /* Sources */,
				DD86FA6C1B0C6742000B40F5 /* Frameworks */,
				DD86FA6D1B0C6742000B40F5 /* Resources */,
			);
			buildRules = (
			);
			dependencies = (
				DD86FA711B0C6742000B40F5 /* PBXTargetDependency */,
			);
			name = WFPCompnentKitTests;
			productName = WFPCompnentKitTests;
			productReference = DD86FA6F1B0C6742000B40F5 /* WFPCompnentKitTests.xctest */;
			productType = "com.apple.product-type.bundle.unit-test";
		};
/* End PBXNativeTarget section */

/* Begin PBXProject section */
		DD86FA4E1B0C6742000B40F5 /* Project object */ = {
			isa = PBXProject;
			attributes = {
				LastUpgradeCheck = 0630;
				ORGANIZATIONNAME = ProjectJ;
				TargetAttributes = {
					DD86FA551B0C6742000B40F5 = {
						CreatedOnToolsVersion = 6.3.1;
					};
					DD86FA6E1B0C6742000B40F5 = {
						CreatedOnToolsVersion = 6.3.1;
						TestTargetID = DD86FA551B0C6742000B40F5;
					};
				};
			};
			buildConfigurationList = DD86FA511B0C6742000B40F5 /* Build configuration list for PBXProject "WFPCompnentKit" */;
			compatibilityVersion = "Xcode 3.2";
			developmentRegion = English;
			hasScannedForEncodings = 0;
			knownRegions = (
				en,
				Base,
			);
			mainGroup = DD86FA4D1B0C6742000B40F5;
			productRefGroup = DD86FA571B0C6742000B40F5 /* Products */;
			projectDirPath = "";
			projectRoot = "";
			targets = (
				DD86FA551B0C6742000B40F5 /* WFPCompnentKit */,
				DD86FA6E1B0C6742000B40F5 /* WFPCompnentKitTests */,
			);
		};
/* End PBXProject section */

/* Begin PBXResourcesBuildPhase section */
		DD86FA541B0C6742000B40F5 /* Resources */ = {
			isa = PBXResourcesBuildPhase;
			buildActionMask = 2147483647;
			files = (
				DD86FA651B0C6742000B40F5 /* Main.storyboard in Resources */,
				DD86FA6A1B0C6742000B40F5 /* LaunchScreen.xib in Resources */,
				DD86FA671B0C6742000B40F5 /* Images.xcassets in Resources */,
			);
			runOnlyForDeploymentPostprocessing = 0;
		};
		DD86FA6D1B0C6742000B40F5 /* Resources */ = {
			isa = PBXResourcesBuildPhase;
			buildActionMask = 2147483647;
			files = (
			);
			runOnlyForDeploymentPostprocessing = 0;
		};
/* End PBXResourcesBuildPhase section */

/* Begin PBXSourcesBuildPhase section */
		DD86FA521B0C6742000B40F5 /* Sources */ = {
			isa = PBXSourcesBuildPhase;
			buildActionMask = 2147483647;
			files = (
				DD86FA621B0C6742000B40F5 /* ViewController.m in Sources */,
				DD86FA5F1B0C6742000B40F5 /* AppDelegate.m in Sources */,
				DD86FA5C1B0C6742000B40F5 /* main.m in Sources */,
			);
			runOnlyForDeploymentPostprocessing = 0;
		};
		DD86FA6B1B0C6742000B40F5 /* Sources */ = {
			isa = PBXSourcesBuildPhase;
			buildActionMask = 2147483647;
			files = (
				DD86FA761B0C6742000B40F5 /* WFPCompnentKitTests.m in Sources */,
			);
			runOnlyForDeploymentPostprocessing = 0;
		};
/* End PBXSourcesBuildPhase section */

/* Begin PBXTargetDependency section */
		DD86FA711B0C6742000B40F5 /* PBXTargetDependency */ = {
			isa = PBXTargetDependency;
			target = DD86FA551B0C6742000B40F5 /* WFPCompnentKit */;
			targetProxy = DD86FA701B0C6742000B40F5 /* PBXContainerItemProxy */;
		};
/* End PBXTargetDependency section */

/* Begin PBXVariantGroup section */
		DD86FA631B0C6742000B40F5 /* Main.storyboard */ = {
			isa = PBXVariantGroup;
			children = (
				DD86FA641B0C6742000B40F5 /* Base */,
			);
			name = Main.storyboard;
			sourceTree = "<group>";
		};
		DD86FA681B0C6742000B40F5 /* LaunchScreen.xib */ = {
			isa = PBXVariantGroup;
			children = (
				DD86FA691B0C6742000B40F5 /* Base */,
			);
			name = LaunchScreen.xib;
			sourceTree = "<group>";
		};
/* End PBXVariantGroup section */

/* Begin XCBuildConfiguration section */
		DD86FA771B0C6742000B40F5 /* Debug */ = {
			isa = XCBuildConfiguration;
			buildSettings = {
				ALWAYS_SEARCH_USER_PATHS = NO;
				CLANG_CXX_LANGUAGE_STANDARD = "gnu++0x";
				CLANG_CXX_LIBRARY = "libc++";
				CLANG_ENABLE_MODULES = YES;
				CLANG_ENABLE_OBJC_ARC = YES;
				CLANG_WARN_BOOL_CONVERSION = YES;
				CLANG_WARN_CONSTANT_CONVERSION = YES;
				CLANG_WARN_DIRECT_OBJC_ISA_USAGE = YES_ERROR;
				CLANG_WARN_EMPTY_BODY = YES;
				CLANG_WARN_ENUM_CONVERSION = YES;
				CLANG_WARN_INT_CONVERSION = YES;
				CLANG_WARN_OBJC_ROOT_CLASS = YES_ERROR;
				CLANG_WARN_UNREACHABLE_CODE = YES;
				CLANG_WARN__DUPLICATE_METHOD_MATCH = YES;
				"CODE_SIGN_IDENTITY[sdk=iphoneos*]" = "iPhone Developer";
				COPY_PHASE_STRIP = NO;
				DEBUG_INFORMATION_FORMAT = "dwarf-with-dsym";
				ENABLE_STRICT_OBJC_MSGSEND = YES;
				GCC_C_LANGUAGE_STANDARD = gnu99;
				GCC_DYNAMIC_NO_PIC = NO;
				GCC_NO_COMMON_BLOCKS = YES;
				GCC_OPTIMIZATION_LEVEL = 0;
				GCC_PREPROCESSOR_DEFINITIONS = (
					"DEBUG=1",
					"$(inherited)",
				);
				GCC_SYMBOLS_PRIVATE_EXTERN = NO;
				GCC_WARN_64_TO_32_BIT_CONVERSION = YES;
				GCC_WARN_ABOUT_RETURN_TYPE = YES_ERROR;
				GCC_WARN_UNDECLARED_SELECTOR = YES;
				GCC_WARN_UNINITIALIZED_AUTOS = YES_AGGRESSIVE;
				GCC_WARN_UNUSED_FUNCTION = YES;
				GCC_WARN_UNUSED_VARIABLE = YES;
				IPHONEOS_DEPLOYMENT_TARGET = 8.3;
				MTL_ENABLE_DEBUG_INFO = YES;
				ONLY_ACTIVE_ARCH = YES;
				SDKROOT = iphoneos;
			};
			name = Debug;
		};
		DD86FA781B0C6742000B40F5 /* Release */ = {
			isa = XCBuildConfiguration;
			buildSettings = {
				ALWAYS_SEARCH_USER_PATHS = NO;
				CLANG_CXX_LANGUAGE_STANDARD = "gnu++0x";
				CLANG_CXX_LIBRARY = "libc++";
				CLANG_ENABLE_MODULES = YES;
				CLANG_ENABLE_OBJC_ARC = YES;
				CLANG_WARN_BOOL_CONVERSION = YES;
				CLANG_WARN_CONSTANT_CONVERSION = YES;
				CLANG_WARN_DIRECT_OBJC_ISA_USAGE = YES_ERROR;
				CLANG_WARN_EMPTY_BODY = YES;
				CLANG_WARN_ENUM_CONVERSION = YES;
				CLANG_WARN_INT_CONVERSION = YES;
				CLANG_WARN_OBJC_ROOT_CLASS = YES_ERROR;
				CLANG_WARN_UNREACHABLE_CODE = YES;
				CLANG_WARN__DUPLICATE_METHOD_MATCH = YES;
				"CODE_SIGN_IDENTITY[sdk=iphoneos*]" = "iPhone Developer";
				COPY_PHASE_STRIP = NO;
				DEBUG_INFORMATION_FORMAT = "dwarf-with-dsym";
				ENABLE_NS_ASSERTIONS = NO;
				ENABLE_STRICT_OBJC_MSGSEND = YES;
				GCC_C_LANGUAGE_STANDARD = gnu99;
				GCC_NO_COMMON_BLOCKS = YES;
				GCC_WARN_64_TO_32_BIT_CONVERSION = YES;
				GCC_WARN_ABOUT_RETURN_TYPE = YES_ERROR;
				GCC_WARN_UNDECLARED_SELECTOR = YES;
				GCC_WARN_UNINITIALIZED_AUTOS = YES_AGGRESSIVE;
				GCC_WARN_UNUSED_FUNCTION = YES;
				GCC_WARN_UNUSED_VARIABLE = YES;
				IPHONEOS_DEPLOYMENT_TARGET = 8.3;
				MTL_ENABLE_DEBUG_INFO = NO;
				SDKROOT = iphoneos;
				VALIDATE_PRODUCT = YES;
			};
			name = Release;
		};
		DD86FA7A1B0C6742000B40F5 /* Debug */ = {
			isa = XCBuildConfiguration;
			buildSettings = {
				ASSETCATALOG_COMPILER_APPICON_NAME = AppIcon;
				INFOPLIST_FILE = WFPCompnentKit/Info.plist;
				LD_RUNPATH_SEARCH_PATHS = "$(inherited) @executable_path/Frameworks";
				PRODUCT_NAME = "$(TARGET_NAME)";
			};
			name = Debug;
		};
		DD86FA7B1B0C6742000B40F5 /* Release */ = {
			isa = XCBuildConfiguration;
			buildSettings = {
				ASSETCATALOG_COMPILER_APPICON_NAME = AppIcon;
				INFOPLIST_FILE = WFPCompnentKit/Info.plist;
				LD_RUNPATH_SEARCH_PATHS = "$(inherited) @executable_path/Frameworks";
				PRODUCT_NAME = "$(TARGET_NAME)";
			};
			name = Release;
		};
		DD86FA7D1B0C6742000B40F5 /* Debug */ = {
			isa = XCBuildConfiguration;
			buildSettings = {
				BUNDLE_LOADER = "$(TEST_HOST)";
				FRAMEWORK_SEARCH_PATHS = (
					"$(SDKROOT)/Developer/Library/Frameworks",
					"$(inherited)",
				);
				GCC_PREPROCESSOR_DEFINITIONS = (
					"DEBUG=1",
					"$(inherited)",
				);
				INFOPLIST_FILE = WFPCompnentKitTests/Info.plist;
				LD_RUNPATH_SEARCH_PATHS = "$(inherited) @executable_path/Frameworks @loader_path/Frameworks";
				PRODUCT_NAME = "$(TARGET_NAME)";
				TEST_HOST = "$(BUILT_PRODUCTS_DIR)/WFPCompnentKit.app/WFPCompnentKit";
			};
			name = Debug;
		};
		DD86FA7E1B0C6742000B40F5 /* Release */ = {
			isa = XCBuildConfiguration;
			buildSettings = {
				BUNDLE_LOADER = "$(TEST_HOST)";
				FRAMEWORK_SEARCH_PATHS = (
					"$(SDKROOT)/Developer/Library/Frameworks",
					"$(inherited)",
				);
				INFOPLIST_FILE = WFPCompnentKitTests/Info.plist;
				LD_RUNPATH_SEARCH_PATHS = "$(inherited) @executable_path/Frameworks @loader_path/Frameworks";
				PRODUCT_NAME = "$(TARGET_NAME)";
				TEST_HOST = "$(BUILT_PRODUCTS_DIR)/WFPCompnentKit.app/WFPCompnentKit";
			};
			name = Release;
		};
/* End XCBuildConfiguration section */

/* Begin XCConfigurationList section */
		DD86FA511B0C6742000B40F5 /* Build configuration list for PBXProject "WFPCompnentKit" */ = {
			isa = XCConfigurationList;
			buildConfigurations = (
				DD86FA771B0C6742000B40F5 /* Debug */,
				DD86FA781B0C6742000B40F5 /* Release */,
			);
			defaultConfigurationIsVisible = 0;
			defaultConfigurationName = Release;
		};
		DD86FA791B0C6742000B40F5 /* Build configuration list for PBXNativeTarget "WFPCompnentKit" */ = {
			isa = XCConfigurationList;
			buildConfigurations = (
				DD86FA7A1B0C6742000B40F5 /* Debug */,
				DD86FA7B1B0C6742000B40F5 /* Release */,
			);
			defaultConfigurationIsVisible = 0;
		};
		DD86FA7C1B0C6742000B40F5 /* Build configuration list for PBXNativeTarget "WFPCompnentKitTests" */ = {
			isa = XCConfigurationList;
			buildConfigurations = (
				DD86FA7D1B0C6742000B40F5 /* Debug */,
				DD86FA7E1B0C6742000B40F5 /* Release */,
			);
			defaultConfigurationIsVisible = 0;
		};
/* End XCConfigurationList section */
	};
	rootObject = DD86FA4E1B0C6742000B40F5 /* Project object */;
}
